
Microsoft Visual Studio Solution File, Format Version 12.00
# Visual Studio Version 16
VisualStudioVersion = 16.0.31911.196
MinimumVisualStudioVersion = 10.0.40219.1
Project("{2150E333-8FDC-42A3-9474-1A3956D46DE8}") = "Services", "Services", "{56A83DEF-167A-41F4-A2DB-958570D728AF}"
EndProject
Project("{2150E333-8FDC-42A3-9474-1A3956D46DE8}") = "Catalog", "Catalog", "{58ECC4CB-C478-41FF-86EB-4FDC8E469ABA}"
EndProject
Project("{9A19103F-16F7-4668-BE54-9A1E7A4F7556}") = "Catalog.API", "Services\Catalog\Catalog.API\Catalog.API.csproj", "{B41EE174-82D1-4A9B-967C-544B7115E16D}"
EndProject
Project("{2150E333-8FDC-42A3-9474-1A3956D46DE8}") = "Basket", "Basket", "{F5F34B6C-2A1E-40D8-83F2-EE5563FE9756}"
EndProject
Project("{9A19103F-16F7-4668-BE54-9A1E7A4F7556}") = "Basket.API", "Services\Basket\Basket.API\Basket.API.csproj", "{BEF0F76A-B292-48A0-8EA2-C1F1A726B0B7}"
EndProject
Project("{2150E333-8FDC-42A3-9474-1A3956D46DE8}") = "Discount", "Discount", "{53D0CC31-DEF2-4CF1-A87D-EA3AB894DD42}"
EndProject
Project("{9A19103F-16F7-4668-BE54-9A1E7A4F7556}") = "Discount.API", "Services\Discount\Discount.API\Discount.API.csproj", "{7477E363-0C60-4512-8702-509AC5FF5A31}"
EndProject
Project("{9A19103F-16F7-4668-BE54-9A1E7A4F7556}") = "Discount.Grpc", "Services\Discount\Discount.Grpc\Discount.Grpc.csproj", "{EDE2FC3D-D5CD-4BCF-8FBE-BAC80FBD700C}"
EndProject
Project("{E53339B2-1760-4266-BCC7-CA923CBCF16C}") = "docker-compose", "docker-compose.dcproj", "{13F1B8E3-A4BC-4D73-8B56-AC34085091C8}"
EndProject
Project("{2150E333-8FDC-42A3-9474-1A3956D46DE8}") = "Ordering", "Ordering", "{CF659D4D-C351-4201-A100-2DFE420E43A9}"
EndProject
Project("{9A19103F-16F7-4668-BE54-9A1E7A4F7556}") = "Ordering.API", "Services\Ordering\Ordering.API\Ordering.API.csproj", "{7797C9A6-D3FF-4E54-9CCB-E9C3F8DD1379}"
EndProject
Project("{9A19103F-16F7-4668-BE54-9A1E7A4F7556}") = "Ordering.Application", "Services\Ordering\Ordering.Application\Ordering.Application.csproj", "{BE28754F-CE13-4FAA-B2B2-9B8AE8B4EF43}"
EndProject
Project("{9A19103F-16F7-4668-BE54-9A1E7A4F7556}") = "Ordering.Domain", "Services\Ordering\Ordering.Domain\Ordering.Domain.csproj", "{E83AFB48-3D0A-48E6-AA46-E9A193A7217C}"
EndProject
Project("{9A19103F-16F7-4668-BE54-9A1E7A4F7556}") = "Ordering.Infrastructure", "Services\Ordering\Ordering.Infrastructure\Ordering.Infrastructure.csproj", "{8D8F8A83-161A-42A5-B968-4A398258C37F}"
EndProject
Project("{9A19103F-16F7-4668-BE54-9A1E7A4F7556}") = "EventBus.Messages", "BuildingBlocks\EventBus.Messages\EventBus.Messages.csproj", "{E07C8CC6-F241-46EE-9B6B-661A815FC3D4}"
EndProject
Global
	GlobalSection(SolutionConfigurationPlatforms) = preSolution
		Debug|Any CPU = Debug|Any CPU
		Release|Any CPU = Release|Any CPU
	EndGlobalSection
	GlobalSection(ProjectConfigurationPlatforms) = postSolution
		{B41EE174-82D1-4A9B-967C-544B7115E16D}.Debug|Any CPU.ActiveCfg = Debug|Any CPU
		{B41EE174-82D1-4A9B-967C-544B7115E16D}.Debug|Any CPU.Build.0 = Debug|Any CPU
		{B41EE174-82D1-4A9B-967C-544B7115E16D}.Release|Any CPU.ActiveCfg = Release|Any CPU
		{B41EE174-82D1-4A9B-967C-544B7115E16D}.Release|Any CPU.Build.0 = Release|Any CPU
		{BEF0F76A-B292-48A0-8EA2-C1F1A726B0B7}.Debug|Any CPU.ActiveCfg = Debug|Any CPU
		{BEF0F76A-B292-48A0-8EA2-C1F1A726B0B7}.Debug|Any CPU.Build.0 = Debug|Any CPU
		{BEF0F76A-B292-48A0-8EA2-C1F1A726B0B7}.Release|Any CPU.ActiveCfg = Release|Any CPU
		{BEF0F76A-B292-48A0-8EA2-C1F1A726B0B7}.Release|Any CPU.Build.0 = Release|Any CPU
		{7477E363-0C60-4512-8702-509AC5FF5A31}.Debug|Any CPU.ActiveCfg = Debug|Any CPU
		{7477E363-0C60-4512-8702-509AC5FF5A31}.Debug|Any CPU.Build.0 = Debug|Any CPU
		{7477E363-0C60-4512-8702-509AC5FF5A31}.Release|Any CPU.ActiveCfg = Release|Any CPU
		{7477E363-0C60-4512-8702-509AC5FF5A31}.Release|Any CPU.Build.0 = Release|Any CPU
		{EDE2FC3D-D5CD-4BCF-8FBE-BAC80FBD700C}.Debug|Any CPU.ActiveCfg = Debug|Any CPU
		{EDE2FC3D-D5CD-4BCF-8FBE-BAC80FBD700C}.Debug|Any CPU.Build.0 = Debug|Any CPU
		{EDE2FC3D-D5CD-4BCF-8FBE-BAC80FBD700C}.Release|Any CPU.ActiveCfg = Release|Any CPU
		{EDE2FC3D-D5CD-4BCF-8FBE-BAC80FBD700C}.Release|Any CPU.Build.0 = Release|Any CPU
		{13F1B8E3-A4BC-4D73-8B56-AC34085091C8}.Debug|Any CPU.ActiveCfg = Debug|Any CPU
		{13F1B8E3-A4BC-4D73-8B56-AC34085091C8}.Debug|Any CPU.Build.0 = Debug|Any CPU
		{13F1B8E3-A4BC-4D73-8B56-AC34085091C8}.Release|Any CPU.ActiveCfg = Release|Any CPU
		{13F1B8E3-A4BC-4D73-8B56-AC34085091C8}.Release|Any CPU.Build.0 = Release|Any CPU
		{7797C9A6-D3FF-4E54-9CCB-E9C3F8DD1379}.Debug|Any CPU.ActiveCfg = Debug|Any CPU
		{7797C9A6-D3FF-4E54-9CCB-E9C3F8DD1379}.Debug|Any CPU.Build.0 = Debug|Any CPU
		{7797C9A6-D3FF-4E54-9CCB-E9C3F8DD1379}.Release|Any CPU.ActiveCfg = Release|Any CPU
		{7797C9A6-D3FF-4E54-9CCB-E9C3F8DD1379}.Release|Any CPU.Build.0 = Release|Any CPU
		{BE28754F-CE13-4FAA-B2B2-9B8AE8B4EF43}.Debug|Any CPU.ActiveCfg = Debug|Any CPU
		{BE28754F-CE13-4FAA-B2B2-9B8AE8B4EF43}.Debug|Any CPU.Build.0 = Debug|Any CPU
		{BE28754F-CE13-4FAA-B2B2-9B8AE8B4EF43}.Release|Any CPU.ActiveCfg = Release|Any CPU
		{BE28754F-CE13-4FAA-B2B2-9B8AE8B4EF43}.Release|Any CPU.Build.0 = Release|Any CPU
		{E83AFB48-3D0A-48E6-AA46-E9A193A7217C}.Debug|Any CPU.ActiveCfg = Debug|Any CPU
		{E83AFB48-3D0A-48E6-AA46-E9A193A7217C}.Debug|Any CPU.Build.0 = Debug|Any CPU
		{E83AFB48-3D0A-48E6-AA46-E9A193A7217C}.Release|Any CPU.ActiveCfg = Release|Any CPU
		{E83AFB48-3D0A-48E6-AA46-E9A193A7217C}.Release|Any CPU.Build.0 = Release|Any CPU
		{8D8F8A83-161A-42A5-B968-4A398258C37F}.Debug|Any CPU.ActiveCfg = Debug|Any CPU
		{8D8F8A83-161A-42A5-B968-4A398258C37F}.Debug|Any CPU.Build.0 = Debug|Any CPU
		{8D8F8A83-161A-42A5-B968-4A398258C37F}.Release|Any CPU.ActiveCfg = Release|Any CPU
		{8D8F8A83-161A-42A5-B968-4A398258C37F}.Release|Any CPU.Build.0 = Release|Any CPU
		{E07C8CC6-F241-46EE-9B6B-661A815FC3D4}.Debug|Any CPU.ActiveCfg = Debug|Any CPU
		{E07C8CC6-F241-46EE-9B6B-661A815FC3D4}.Debug|Any CPU.Build.0 = Debug|Any CPU
		{E07C8CC6-F241-46EE-9B6B-661A815FC3D4}.Release|Any CPU.ActiveCfg = Release|Any CPU
		{E07C8CC6-F241-46EE-9B6B-661A815FC3D4}.Release|Any CPU.Build.0 = Release|Any CPU
	EndGlobalSection
	GlobalSection(SolutionProperties) = preSolution
		HideSolutionNode = FALSE
	EndGlobalSection
	GlobalSection(NestedProjects) = preSolution
		{58ECC4CB-C478-41FF-86EB-4FDC8E469ABA} = {56A83DEF-167A-41F4-A2DB-958570D728AF}
		{B41EE174-82D1-4A9B-967C-544B7115E16D} = {58ECC4CB-C478-41FF-86EB-4FDC8E469ABA}
		{F5F34B6C-2A1E-40D8-83F2-EE5563FE9756} = {56A83DEF-167A-41F4-A2DB-958570D728AF}
		{BEF0F76A-B292-48A0-8EA2-C1F1A726B0B7} = {F5F34B6C-2A1E-40D8-83F2-EE5563FE9756}
		{53D0CC31-DEF2-4CF1-A87D-EA3AB894DD42} = {56A83DEF-167A-41F4-A2DB-958570D728AF}
		{7477E363-0C60-4512-8702-509AC5FF5A31} = {53D0CC31-DEF2-4CF1-A87D-EA3AB894DD42}
		{EDE2FC3D-D5CD-4BCF-8FBE-BAC80FBD700C} = {53D0CC31-DEF2-4CF1-A87D-EA3AB894DD42}
		{CF659D4D-C351-4201-A100-2DFE420E43A9} = {56A83DEF-167A-41F4-A2DB-958570D728AF}
		{7797C9A6-D3FF-4E54-9CCB-E9C3F8DD1379} = {CF659D4D-C351-4201-A100-2DFE420E43A9}
		{BE28754F-CE13-4FAA-B2B2-9B8AE8B4EF43} = {CF659D4D-C351-4201-A100-2DFE420E43A9}
		{E83AFB48-3D0A-48E6-AA46-E9A193A7217C} = {CF659D4D-C351-4201-A100-2DFE420E43A9}
		{8D8F8A83-161A-42A5-B968-4A398258C37F} = {CF659D4D-C351-4201-A100-2DFE420E43A9}
	EndGlobalSection
	GlobalSection(ExtensibilityGlobals) = postSolution
		SolutionGuid = {6E87ADDA-A560-49E8-B5AC-B3E7B487F7F6}
	EndGlobalSection
EndGlobal
